
Microsoft Visual Studio Solution File, Format Version 12.00
# Visual Studio Version 17
VisualStudioVersion = 17.3.32929.385
MinimumVisualStudioVersion = 10.0.40219.1
Project("{9A19103F-16F7-4668-BE54-9A1E7A4F7556}") = "tlcn_dotnet", "tlcn_dotnet\tlcn_dotnet.csproj", "{2E95D976-00D6-4175-AE38-9BC43CA4583B}"
EndProject
Project("{FAE04EC0-301F-11D3-BF4B-00C04F79EFBC}") = "ServiceTests", "ServiceTests\ServiceTests.csproj", "{B2CEA637-7F3F-49BE-AB7F-0AE11ACA27DC}"
EndProject
Global
	GlobalSection(SolutionConfigurationPlatforms) = preSolution
		Debug|Any CPU = Debug|Any CPU
		Release|Any CPU = Release|Any CPU
	EndGlobalSection
	GlobalSection(ProjectConfigurationPlatforms) = postSolution
		{2E95D976-00D6-4175-AE38-9BC43CA4583B}.Debug|Any CPU.ActiveCfg = Debug|Any CPU
		{2E95D976-00D6-4175-AE38-9BC43CA4583B}.Debug|Any CPU.Build.0 = Debug|Any CPU
		{2E95D976-00D6-4175-AE38-9BC43CA4583B}.Release|Any CPU.ActiveCfg = Release|Any CPU
		{2E95D976-00D6-4175-AE38-9BC43CA4583B}.Release|Any CPU.Build.0 = Release|Any CPU
		{B2CEA637-7F3F-49BE-AB7F-0AE11ACA27DC}.Debug|Any CPU.ActiveCfg = Debug|Any CPU
		{B2CEA637-7F3F-49BE-AB7F-0AE11ACA27DC}.Debug|Any CPU.Build.0 = Debug|Any CPU
		{B2CEA637-7F3F-49BE-AB7F-0AE11ACA27DC}.Release|Any CPU.ActiveCfg = Release|Any CPU
		{B2CEA637-7F3F-49BE-AB7F-0AE11ACA27DC}.Release|Any CPU.Build.0 = Release|Any CPU
	EndGlobalSection
	GlobalSection(SolutionProperties) = preSolution
		HideSolutionNode = FALSE
	EndGlobalSection
	GlobalSection(ExtensibilityGlobals) = postSolution
		SolutionGuid = {D55D20CE-1CCC-42EF-8053-DE1CCBC0CB57}
	EndGlobalSection
EndGlobal
